{
  "name": "betterbots",
  "version": "1.0.0",
  "lockfileVersion": 3,
  "requires": true,
  "packages": {
    "": {
      "name": "betterbots",
      "version": "1.0.0",
      "license": "ISC",
      "dependencies": {
        "betterjslogger": "^1.0.2"
      }
    },
    "node_modules/@types/node": {
      "version": "18.15.11",
      "resolved": "https://registry.npmjs.org/@types/node/-/node-18.15.11.tgz",
      "integrity": "sha512-E5Kwq2n4SbMzQOn6wnmBjuK9ouqlURrcZDVfbo9ftDDTFt3nk7ZKK4GMOzoYgnpQJKcxwQw+lGaBvvlMo0qN/Q=="
    },
    "node_modules/betterjslogger": {
      "version": "1.0.2",
      "resolved": "https://registry.npmjs.org/betterjslogger/-/betterjslogger-1.0.2.tgz",
      "integrity": "sha512-b2XUrm7y5sMG0KmJLA+b5SoNQs6uhK5wwZV8/SYpDZB5h1tMq62qSzKmCYokSZa/UVWI95yjnCdRQcaCzsMCsA==",
      "dependencies": {
        "@types/node": "^18.0.0"
      }
    }
  }
}
